
Microsoft Visual Studio Solution File, Format Version 12.00
# Visual Studio Version 17
VisualStudioVersion = 17.14.36705.20 d17.14
MinimumVisualStudioVersion = 10.0.40219.1
Project("{FAE04EC0-301F-11D3-BF4B-00C04F79EFBC}") = "Substitutie Monoalfabetica", "Substitutie Monoalfabetica\Substitutie Monoalfabetica.csproj", "{9C96187B-74FA-4F0E-8CE0-D33C48BF082E}"
EndProject
Global
	GlobalSection(SolutionConfigurationPlatforms) = preSolution
		Debug|Any CPU = Debug|Any CPU
		Release|Any CPU = Release|Any CPU
	EndGlobalSection
	GlobalSection(ProjectConfigurationPlatforms) = postSolution
		{9C96187B-74FA-4F0E-8CE0-D33C48BF082E}.Debug|Any CPU.ActiveCfg = Debug|Any CPU
		{9C96187B-74FA-4F0E-8CE0-D33C48BF082E}.Debug|Any CPU.Build.0 = Debug|Any CPU
		{9C96187B-74FA-4F0E-8CE0-D33C48BF082E}.Release|Any CPU.ActiveCfg = Release|Any CPU
		{9C96187B-74FA-4F0E-8CE0-D33C48BF082E}.Release|Any CPU.Build.0 = Release|Any CPU
	EndGlobalSection
	GlobalSection(SolutionProperties) = preSolution
		HideSolutionNode = FALSE
	EndGlobalSection
	GlobalSection(ExtensibilityGlobals) = postSolution
		SolutionGuid = {15C0FE81-6F6C-469A-9678-CF669F759953}
	EndGlobalSection
EndGlobal
