
Microsoft Visual Studio Solution File, Format Version 12.00
# Visual Studio Version 17
VisualStudioVersion = 17.14.36705.20 d17.14
MinimumVisualStudioVersion = 10.0.40219.1
Project("{FAE04EC0-301F-11D3-BF4B-00C04F79EFBC}") = "Substitutie_Polialfabetica", "Substitutie_Polialfabetica.csproj", "{7179084B-CEF8-470A-89B2-F58806D3DE04}"
EndProject
Global
	GlobalSection(SolutionConfigurationPlatforms) = preSolution
		Debug|Any CPU = Debug|Any CPU
		Release|Any CPU = Release|Any CPU
	EndGlobalSection
	GlobalSection(ProjectConfigurationPlatforms) = postSolution
		{7179084B-CEF8-470A-89B2-F58806D3DE04}.Debug|Any CPU.ActiveCfg = Debug|Any CPU
		{7179084B-CEF8-470A-89B2-F58806D3DE04}.Debug|Any CPU.Build.0 = Debug|Any CPU
		{7179084B-CEF8-470A-89B2-F58806D3DE04}.Release|Any CPU.ActiveCfg = Release|Any CPU
		{7179084B-CEF8-470A-89B2-F58806D3DE04}.Release|Any CPU.Build.0 = Release|Any CPU
	EndGlobalSection
	GlobalSection(SolutionProperties) = preSolution
		HideSolutionNode = FALSE
	EndGlobalSection
	GlobalSection(ExtensibilityGlobals) = postSolution
		SolutionGuid = {5B4536EF-2D15-4F03-BB72-77B2D57EF978}
	EndGlobalSection
EndGlobal
